// !$*UTF8*$!
{
	archiveVersion = 1;
	classes = {
	};
	objectVersion = 56;
	objects = {

/* Begin PBXBuildFile section */
		560AA6C12BA42F1400FA6777 /* MovieDetailPresenter.swift in Sources */ = {isa = PBXBuildFile; fileRef = 560AA6BB2BA42F1400FA6777 /* MovieDetailPresenter.swift */; };
		560AA6C22BA42F1400FA6777 /* MovieDetailWorker.swift in Sources */ = {isa = PBXBuildFile; fileRef = 560AA6BC2BA42F1400FA6777 /* MovieDetailWorker.swift */; };
		560AA6C32BA42F1400FA6777 /* MovieDetailRouter.swift in Sources */ = {isa = PBXBuildFile; fileRef = 560AA6BD2BA42F1400FA6777 /* MovieDetailRouter.swift */; };
		560AA6C42BA42F1400FA6777 /* MovieDetailModels.swift in Sources */ = {isa = PBXBuildFile; fileRef = 560AA6BE2BA42F1400FA6777 /* MovieDetailModels.swift */; };
		560AA6C52BA42F1400FA6777 /* MovieDetailViewController.swift in Sources */ = {isa = PBXBuildFile; fileRef = 560AA6BF2BA42F1400FA6777 /* MovieDetailViewController.swift */; };
		560AA6C62BA42F1400FA6777 /* MovieDetailInteractor.swift in Sources */ = {isa = PBXBuildFile; fileRef = 560AA6C02BA42F1400FA6777 /* MovieDetailInteractor.swift */; };
		560AA6E42BA45F5400FA6777 /* File.swift in Sources */ = {isa = PBXBuildFile; fileRef = 560AA6E32BA45F5400FA6777 /* File.swift */; };
		560AA6E72BA4604A00FA6777 /* RadiusConstant.swift in Sources */ = {isa = PBXBuildFile; fileRef = 560AA6E62BA4604A00FA6777 /* RadiusConstant.swift */; };
		560AA6E92BA460AB00FA6777 /* FontSizeConstant.swift in Sources */ = {isa = PBXBuildFile; fileRef = 560AA6E82BA460AB00FA6777 /* FontSizeConstant.swift */; };
		5630451E2BA1A9B300ABCD00 /* GoogleService-Info.plist in Resources */ = {isa = PBXBuildFile; fileRef = 5630451D2BA1A9B300ABCD00 /* GoogleService-Info.plist */; };
		568DE58B2BA0E619006FF777 /* AppDelegate.swift in Sources */ = {isa = PBXBuildFile; fileRef = 568DE58A2BA0E619006FF777 /* AppDelegate.swift */; };
		568DE58D2BA0E619006FF777 /* SceneDelegate.swift in Sources */ = {isa = PBXBuildFile; fileRef = 568DE58C2BA0E619006FF777 /* SceneDelegate.swift */; };
		568DE5922BA0E619006FF777 /* Main.storyboard in Resources */ = {isa = PBXBuildFile; fileRef = 568DE5902BA0E619006FF777 /* Main.storyboard */; };
		568DE5942BA0E61B006FF777 /* Assets.xcassets in Resources */ = {isa = PBXBuildFile; fileRef = 568DE5932BA0E61B006FF777 /* Assets.xcassets */; };
		568DE5972BA0E61B006FF777 /* LaunchScreen.storyboard in Resources */ = {isa = PBXBuildFile; fileRef = 568DE5952BA0E61B006FF777 /* LaunchScreen.storyboard */; };
		56A206262BA3A4C600A1734B /* StringExtension.swift in Sources */ = {isa = PBXBuildFile; fileRef = 56A206252BA3A4C600A1734B /* StringExtension.swift */; };
		56B15D1A2BA1FB8400FCDFFE /* BaseViewController.swift in Sources */ = {isa = PBXBuildFile; fileRef = 56B15D192BA1FB8400FCDFFE /* BaseViewController.swift */; };
		56B15D7E2BA1FE4800FCDFFE /* SplashScreenPresenter.swift in Sources */ = {isa = PBXBuildFile; fileRef = 56B15D782BA1FE4800FCDFFE /* SplashScreenPresenter.swift */; };
		56B15D7F2BA1FE4800FCDFFE /* SplashScreenWorker.swift in Sources */ = {isa = PBXBuildFile; fileRef = 56B15D792BA1FE4800FCDFFE /* SplashScreenWorker.swift */; };
		56B15D802BA1FE4800FCDFFE /* SplashScreenRouter.swift in Sources */ = {isa = PBXBuildFile; fileRef = 56B15D7A2BA1FE4800FCDFFE /* SplashScreenRouter.swift */; };
		56B15D812BA1FE4800FCDFFE /* SplashScreenModels.swift in Sources */ = {isa = PBXBuildFile; fileRef = 56B15D7B2BA1FE4800FCDFFE /* SplashScreenModels.swift */; };
		56B15D822BA1FE4800FCDFFE /* SplashScreenViewController.swift in Sources */ = {isa = PBXBuildFile; fileRef = 56B15D7C2BA1FE4800FCDFFE /* SplashScreenViewController.swift */; };
		56B15D832BA1FE4800FCDFFE /* SplashScreenInteractor.swift in Sources */ = {isa = PBXBuildFile; fileRef = 56B15D7D2BA1FE4800FCDFFE /* SplashScreenInteractor.swift */; };
		56B15DA32BA20C3A00FCDFFE /* NetworkHelper.swift in Sources */ = {isa = PBXBuildFile; fileRef = 56B15DA22BA20C3A00FCDFFE /* NetworkHelper.swift */; };
		56B15DB92BA2208F00FCDFFE /* MainPagePresenter.swift in Sources */ = {isa = PBXBuildFile; fileRef = 56B15DB32BA2208F00FCDFFE /* MainPagePresenter.swift */; };
		56B15DBA2BA2208F00FCDFFE /* MainPageWorker.swift in Sources */ = {isa = PBXBuildFile; fileRef = 56B15DB42BA2208F00FCDFFE /* MainPageWorker.swift */; };
		56B15DBB2BA2208F00FCDFFE /* MainPageRouter.swift in Sources */ = {isa = PBXBuildFile; fileRef = 56B15DB52BA2208F00FCDFFE /* MainPageRouter.swift */; };
		56B15DBC2BA2208F00FCDFFE /* MainPageModels.swift in Sources */ = {isa = PBXBuildFile; fileRef = 56B15DB62BA2208F00FCDFFE /* MainPageModels.swift */; };
		56B15DBD2BA2208F00FCDFFE /* MainPageViewController.swift in Sources */ = {isa = PBXBuildFile; fileRef = 56B15DB72BA2208F00FCDFFE /* MainPageViewController.swift */; };
		56B15DBE2BA2208F00FCDFFE /* MainPageInteractor.swift in Sources */ = {isa = PBXBuildFile; fileRef = 56B15DB82BA2208F00FCDFFE /* MainPageInteractor.swift */; };
		56B15DC22BA2254A00FCDFFE /* Storyboards.swift in Sources */ = {isa = PBXBuildFile; fileRef = 56B15DC12BA2254A00FCDFFE /* Storyboards.swift */; };
		56B15DC52BA231DF00FCDFFE /* ViewControllers.swift in Sources */ = {isa = PBXBuildFile; fileRef = 56B15DC42BA231DF00FCDFFE /* ViewControllers.swift */; };
		56B15DC92BA2360B00FCDFFE /* FirebaseRemoteControlHelper.swift in Sources */ = {isa = PBXBuildFile; fileRef = 56B15DC82BA2360B00FCDFFE /* FirebaseRemoteControlHelper.swift */; };
		56B15DCC2BA2385900FCDFFE /* FirebaseRemoteKeys.swift in Sources */ = {isa = PBXBuildFile; fileRef = 56B15DCB2BA2385900FCDFFE /* FirebaseRemoteKeys.swift */; };
		56DD6C082BA30453002FCBC0 /* MovieResponse.swift in Sources */ = {isa = PBXBuildFile; fileRef = 56DD6C072BA30453002FCBC0 /* MovieResponse.swift */; };
		56DD6C0B2BA31573002FCBC0 /* CollectionExtensions.swift in Sources */ = {isa = PBXBuildFile; fileRef = 56DD6C0A2BA31573002FCBC0 /* CollectionExtensions.swift */; };
		56DD6C112BA31618002FCBC0 /* MovieTableViewCell.swift in Sources */ = {isa = PBXBuildFile; fileRef = 56DD6C0F2BA31618002FCBC0 /* MovieTableViewCell.swift */; };
		56DD6C122BA31618002FCBC0 /* MovieTableViewCell.xib in Resources */ = {isa = PBXBuildFile; fileRef = 56DD6C102BA31618002FCBC0 /* MovieTableViewCell.xib */; };
		56DD6C142BA31B8C002FCBC0 /* BaseTableViewCell.swift in Sources */ = {isa = PBXBuildFile; fileRef = 56DD6C132BA31B8C002FCBC0 /* BaseTableViewCell.swift */; };
		56DD6C172BA31BBE002FCBC0 /* Presentation.swift in Sources */ = {isa = PBXBuildFile; fileRef = 56DD6C162BA31BBE002FCBC0 /* Presentation.swift */; };
		56DD6C1B2BA32072002FCBC0 /* LocaleImages.swift in Sources */ = {isa = PBXBuildFile; fileRef = 56DD6C1A2BA32072002FCBC0 /* LocaleImages.swift */; };
		56DD6C252BA35C55002FCBC0 /* SearchBarTableViewCell.swift in Sources */ = {isa = PBXBuildFile; fileRef = 56DD6C232BA35C55002FCBC0 /* SearchBarTableViewCell.swift */; };
		56DD6C262BA35C55002FCBC0 /* SearchBarTableViewCell.xib in Resources */ = {isa = PBXBuildFile; fileRef = 56DD6C242BA35C55002FCBC0 /* SearchBarTableViewCell.xib */; };
		56DD6C2A2BA35E3E002FCBC0 /* TableViewCellEnum.swift in Sources */ = {isa = PBXBuildFile; fileRef = 56DD6C292BA35E3E002FCBC0 /* TableViewCellEnum.swift */; };
		56DD6C2D2BA36914002FCBC0 /* Alamofire in Frameworks */ = {isa = PBXBuildFile; productRef = 56DD6C2C2BA36914002FCBC0 /* Alamofire */; };
		56DD6C2F2BA36914002FCBC0 /* AlamofireDynamic in Frameworks */ = {isa = PBXBuildFile; productRef = 56DD6C2E2BA36914002FCBC0 /* AlamofireDynamic */; };
		56DD6C322BA36974002FCBC0 /* MovieRepository.swift in Sources */ = {isa = PBXBuildFile; fileRef = 56DD6C312BA36974002FCBC0 /* MovieRepository.swift */; };
		56DD6C342BA3698C002FCBC0 /* Repository.swift in Sources */ = {isa = PBXBuildFile; fileRef = 56DD6C332BA3698C002FCBC0 /* Repository.swift */; };
		56DD6C382BA36A53002FCBC0 /* LoodosMoviesService.swift in Sources */ = {isa = PBXBuildFile; fileRef = 56DD6C372BA36A53002FCBC0 /* LoodosMoviesService.swift */; };
		56DD6C402BA36E11002FCBC0 /* NetworkConstant.swift in Sources */ = {isa = PBXBuildFile; fileRef = 56DD6C3F2BA36E11002FCBC0 /* NetworkConstant.swift */; };
		56DD6C422BA3816E002FCBC0 /* UITableViewExtension.swift in Sources */ = {isa = PBXBuildFile; fileRef = 56DD6C412BA3816E002FCBC0 /* UITableViewExtension.swift */; };
		BB43AFA7D69476E58D30438B /* Pods_Lodos_Movies.framework in Frameworks */ = {isa = PBXBuildFile; fileRef = B379A4B4516E2F2D4C461F95 /* Pods_Lodos_Movies.framework */; };
/* End PBXBuildFile section */

/* Begin PBXFileReference section */
		560AA6BB2BA42F1400FA6777 /* MovieDetailPresenter.swift */ = {isa = PBXFileReference; lastKnownFileType = sourcecode.swift; path = MovieDetailPresenter.swift; sourceTree = "<group>"; };
		560AA6BC2BA42F1400FA6777 /* MovieDetailWorker.swift */ = {isa = PBXFileReference; lastKnownFileType = sourcecode.swift; path = MovieDetailWorker.swift; sourceTree = "<group>"; };
		560AA6BD2BA42F1400FA6777 /* MovieDetailRouter.swift */ = {isa = PBXFileReference; lastKnownFileType = sourcecode.swift; path = MovieDetailRouter.swift; sourceTree = "<group>"; };
		560AA6BE2BA42F1400FA6777 /* MovieDetailModels.swift */ = {isa = PBXFileReference; lastKnownFileType = sourcecode.swift; path = MovieDetailModels.swift; sourceTree = "<group>"; };
		560AA6BF2BA42F1400FA6777 /* MovieDetailViewController.swift */ = {isa = PBXFileReference; lastKnownFileType = sourcecode.swift; path = MovieDetailViewController.swift; sourceTree = "<group>"; };
		560AA6C02BA42F1400FA6777 /* MovieDetailInteractor.swift */ = {isa = PBXFileReference; lastKnownFileType = sourcecode.swift; path = MovieDetailInteractor.swift; sourceTree = "<group>"; };
		560AA6E32BA45F5400FA6777 /* File.swift */ = {isa = PBXFileReference; lastKnownFileType = sourcecode.swift; path = File.swift; sourceTree = "<group>"; };
		560AA6E62BA4604A00FA6777 /* RadiusConstant.swift */ = {isa = PBXFileReference; lastKnownFileType = sourcecode.swift; path = RadiusConstant.swift; sourceTree = "<group>"; };
		560AA6E82BA460AB00FA6777 /* FontSizeConstant.swift */ = {isa = PBXFileReference; lastKnownFileType = sourcecode.swift; path = FontSizeConstant.swift; sourceTree = "<group>"; };
		5630451D2BA1A9B300ABCD00 /* GoogleService-Info.plist */ = {isa = PBXFileReference; fileEncoding = 4; lastKnownFileType = text.plist.xml; path = "GoogleService-Info.plist"; sourceTree = "<group>"; };
		568DE5872BA0E619006FF777 /* Lodos Movies.app */ = {isa = PBXFileReference; explicitFileType = wrapper.application; includeInIndex = 0; path = "Lodos Movies.app"; sourceTree = BUILT_PRODUCTS_DIR; };
		568DE58A2BA0E619006FF777 /* AppDelegate.swift */ = {isa = PBXFileReference; lastKnownFileType = sourcecode.swift; path = AppDelegate.swift; sourceTree = "<group>"; };
		568DE58C2BA0E619006FF777 /* SceneDelegate.swift */ = {isa = PBXFileReference; lastKnownFileType = sourcecode.swift; path = SceneDelegate.swift; sourceTree = "<group>"; };
		568DE5912BA0E619006FF777 /* Base */ = {isa = PBXFileReference; lastKnownFileType = file.storyboard; name = Base; path = Base.lproj/Main.storyboard; sourceTree = "<group>"; };
		568DE5932BA0E61B006FF777 /* Assets.xcassets */ = {isa = PBXFileReference; lastKnownFileType = folder.assetcatalog; path = Assets.xcassets; sourceTree = "<group>"; };
		568DE5962BA0E61B006FF777 /* Base */ = {isa = PBXFileReference; lastKnownFileType = file.storyboard; name = Base; path = Base.lproj/LaunchScreen.storyboard; sourceTree = "<group>"; };
		568DE5982BA0E61B006FF777 /* Info.plist */ = {isa = PBXFileReference; lastKnownFileType = text.plist.xml; path = Info.plist; sourceTree = "<group>"; };
		56A206252BA3A4C600A1734B /* StringExtension.swift */ = {isa = PBXFileReference; lastKnownFileType = sourcecode.swift; path = StringExtension.swift; sourceTree = "<group>"; };
		56B15D192BA1FB8400FCDFFE /* BaseViewController.swift */ = {isa = PBXFileReference; lastKnownFileType = sourcecode.swift; path = BaseViewController.swift; sourceTree = "<group>"; };
		56B15D782BA1FE4800FCDFFE /* SplashScreenPresenter.swift */ = {isa = PBXFileReference; lastKnownFileType = sourcecode.swift; path = SplashScreenPresenter.swift; sourceTree = "<group>"; };
		56B15D792BA1FE4800FCDFFE /* SplashScreenWorker.swift */ = {isa = PBXFileReference; lastKnownFileType = sourcecode.swift; path = SplashScreenWorker.swift; sourceTree = "<group>"; };
		56B15D7A2BA1FE4800FCDFFE /* SplashScreenRouter.swift */ = {isa = PBXFileReference; lastKnownFileType = sourcecode.swift; path = SplashScreenRouter.swift; sourceTree = "<group>"; };
		56B15D7B2BA1FE4800FCDFFE /* SplashScreenModels.swift */ = {isa = PBXFileReference; lastKnownFileType = sourcecode.swift; path = SplashScreenModels.swift; sourceTree = "<group>"; };
		56B15D7C2BA1FE4800FCDFFE /* SplashScreenViewController.swift */ = {isa = PBXFileReference; lastKnownFileType = sourcecode.swift; path = SplashScreenViewController.swift; sourceTree = "<group>"; };
		56B15D7D2BA1FE4800FCDFFE /* SplashScreenInteractor.swift */ = {isa = PBXFileReference; lastKnownFileType = sourcecode.swift; path = SplashScreenInteractor.swift; sourceTree = "<group>"; };
		56B15DA22BA20C3A00FCDFFE /* NetworkHelper.swift */ = {isa = PBXFileReference; lastKnownFileType = sourcecode.swift; path = NetworkHelper.swift; sourceTree = "<group>"; };
		56B15DB32BA2208F00FCDFFE /* MainPagePresenter.swift */ = {isa = PBXFileReference; lastKnownFileType = sourcecode.swift; path = MainPagePresenter.swift; sourceTree = "<group>"; };
		56B15DB42BA2208F00FCDFFE /* MainPageWorker.swift */ = {isa = PBXFileReference; lastKnownFileType = sourcecode.swift; path = MainPageWorker.swift; sourceTree = "<group>"; };
		56B15DB52BA2208F00FCDFFE /* MainPageRouter.swift */ = {isa = PBXFileReference; lastKnownFileType = sourcecode.swift; path = MainPageRouter.swift; sourceTree = "<group>"; };
		56B15DB62BA2208F00FCDFFE /* MainPageModels.swift */ = {isa = PBXFileReference; lastKnownFileType = sourcecode.swift; path = MainPageModels.swift; sourceTree = "<group>"; };
		56B15DB72BA2208F00FCDFFE /* MainPageViewController.swift */ = {isa = PBXFileReference; lastKnownFileType = sourcecode.swift; path = MainPageViewController.swift; sourceTree = "<group>"; };
		56B15DB82BA2208F00FCDFFE /* MainPageInteractor.swift */ = {isa = PBXFileReference; lastKnownFileType = sourcecode.swift; path = MainPageInteractor.swift; sourceTree = "<group>"; };
		56B15DC12BA2254A00FCDFFE /* Storyboards.swift */ = {isa = PBXFileReference; lastKnownFileType = sourcecode.swift; path = Storyboards.swift; sourceTree = "<group>"; };
		56B15DC42BA231DF00FCDFFE /* ViewControllers.swift */ = {isa = PBXFileReference; lastKnownFileType = sourcecode.swift; path = ViewControllers.swift; sourceTree = "<group>"; };
		56B15DC82BA2360B00FCDFFE /* FirebaseRemoteControlHelper.swift */ = {isa = PBXFileReference; lastKnownFileType = sourcecode.swift; path = FirebaseRemoteControlHelper.swift; sourceTree = "<group>"; };
		56B15DCB2BA2385900FCDFFE /* FirebaseRemoteKeys.swift */ = {isa = PBXFileReference; lastKnownFileType = sourcecode.swift; path = FirebaseRemoteKeys.swift; sourceTree = "<group>"; };
		56DD6C072BA30453002FCBC0 /* MovieResponse.swift */ = {isa = PBXFileReference; lastKnownFileType = sourcecode.swift; path = MovieResponse.swift; sourceTree = "<group>"; };
		56DD6C0A2BA31573002FCBC0 /* CollectionExtensions.swift */ = {isa = PBXFileReference; lastKnownFileType = sourcecode.swift; path = CollectionExtensions.swift; sourceTree = "<group>"; };
		56DD6C0F2BA31618002FCBC0 /* MovieTableViewCell.swift */ = {isa = PBXFileReference; lastKnownFileType = sourcecode.swift; path = MovieTableViewCell.swift; sourceTree = "<group>"; };
		56DD6C102BA31618002FCBC0 /* MovieTableViewCell.xib */ = {isa = PBXFileReference; lastKnownFileType = file.xib; path = MovieTableViewCell.xib; sourceTree = "<group>"; };
		56DD6C132BA31B8C002FCBC0 /* BaseTableViewCell.swift */ = {isa = PBXFileReference; lastKnownFileType = sourcecode.swift; path = BaseTableViewCell.swift; sourceTree = "<group>"; };
		56DD6C162BA31BBE002FCBC0 /* Presentation.swift */ = {isa = PBXFileReference; lastKnownFileType = sourcecode.swift; path = Presentation.swift; sourceTree = "<group>"; };
		56DD6C1A2BA32072002FCBC0 /* LocaleImages.swift */ = {isa = PBXFileReference; lastKnownFileType = sourcecode.swift; path = LocaleImages.swift; sourceTree = "<group>"; };
		56DD6C232BA35C55002FCBC0 /* SearchBarTableViewCell.swift */ = {isa = PBXFileReference; lastKnownFileType = sourcecode.swift; path = SearchBarTableViewCell.swift; sourceTree = "<group>"; };
		56DD6C242BA35C55002FCBC0 /* SearchBarTableViewCell.xib */ = {isa = PBXFileReference; lastKnownFileType = file.xib; path = SearchBarTableViewCell.xib; sourceTree = "<group>"; };
		56DD6C292BA35E3E002FCBC0 /* TableViewCellEnum.swift */ = {isa = PBXFileReference; lastKnownFileType = sourcecode.swift; path = TableViewCellEnum.swift; sourceTree = "<group>"; };
		56DD6C312BA36974002FCBC0 /* MovieRepository.swift */ = {isa = PBXFileReference; lastKnownFileType = sourcecode.swift; path = MovieRepository.swift; sourceTree = "<group>"; };
		56DD6C332BA3698C002FCBC0 /* Repository.swift */ = {isa = PBXFileReference; lastKnownFileType = sourcecode.swift; path = Repository.swift; sourceTree = "<group>"; };
		56DD6C372BA36A53002FCBC0 /* LoodosMoviesService.swift */ = {isa = PBXFileReference; lastKnownFileType = sourcecode.swift; path = LoodosMoviesService.swift; sourceTree = "<group>"; };
		56DD6C3F2BA36E11002FCBC0 /* NetworkConstant.swift */ = {isa = PBXFileReference; lastKnownFileType = sourcecode.swift; path = NetworkConstant.swift; sourceTree = "<group>"; };
		56DD6C412BA3816E002FCBC0 /* UITableViewExtension.swift */ = {isa = PBXFileReference; lastKnownFileType = sourcecode.swift; path = UITableViewExtension.swift; sourceTree = "<group>"; };
		A2692542BC9D5534C05A5080 /* Pods-Lodos Movies.release.xcconfig */ = {isa = PBXFileReference; includeInIndex = 1; lastKnownFileType = text.xcconfig; name = "Pods-Lodos Movies.release.xcconfig"; path = "Target Support Files/Pods-Lodos Movies/Pods-Lodos Movies.release.xcconfig"; sourceTree = "<group>"; };
		B379A4B4516E2F2D4C461F95 /* Pods_Lodos_Movies.framework */ = {isa = PBXFileReference; explicitFileType = wrapper.framework; includeInIndex = 0; path = Pods_Lodos_Movies.framework; sourceTree = BUILT_PRODUCTS_DIR; };
		B432653F634D9B6DE5997AA1 /* Pods-Lodos Movies.debug.xcconfig */ = {isa = PBXFileReference; includeInIndex = 1; lastKnownFileType = text.xcconfig; name = "Pods-Lodos Movies.debug.xcconfig"; path = "Target Support Files/Pods-Lodos Movies/Pods-Lodos Movies.debug.xcconfig"; sourceTree = "<group>"; };
/* End PBXFileReference section */

/* Begin PBXFrameworksBuildPhase section */
		568DE5842BA0E619006FF777 /* Frameworks */ = {
			isa = PBXFrameworksBuildPhase;
			buildActionMask = 2147483647;
			files = (
				BB43AFA7D69476E58D30438B /* Pods_Lodos_Movies.framework in Frameworks */,
				56DD6C2F2BA36914002FCBC0 /* AlamofireDynamic in Frameworks */,
				56DD6C2D2BA36914002FCBC0 /* Alamofire in Frameworks */,
			);
			runOnlyForDeploymentPostprocessing = 0;
		};
/* End PBXFrameworksBuildPhase section */

/* Begin PBXGroup section */
		560AA6BA2BA42EF600FA6777 /* MovieDetail */ = {
			isa = PBXGroup;
			children = (
				560AA6BB2BA42F1400FA6777 /* MovieDetailPresenter.swift */,
				560AA6BC2BA42F1400FA6777 /* MovieDetailWorker.swift */,
				560AA6BD2BA42F1400FA6777 /* MovieDetailRouter.swift */,
				560AA6BE2BA42F1400FA6777 /* MovieDetailModels.swift */,
				560AA6BF2BA42F1400FA6777 /* MovieDetailViewController.swift */,
				560AA6C02BA42F1400FA6777 /* MovieDetailInteractor.swift */,
			);
			path = MovieDetail;
			sourceTree = "<group>";
		};
		560AA6E22BA45F3E00FA6777 /* UIMessageConstant */ = {
			isa = PBXGroup;
			children = (
				560AA6E32BA45F5400FA6777 /* File.swift */,
			);
			path = UIMessageConstant;
			sourceTree = "<group>";
		};
		560AA6E52BA4601D00FA6777 /* UIConstant */ = {
			isa = PBXGroup;
			children = (
				560AA6E62BA4604A00FA6777 /* RadiusConstant.swift */,
				560AA6E82BA460AB00FA6777 /* FontSizeConstant.swift */,
			);
			path = UIConstant;
			sourceTree = "<group>";
		};
		568DE57E2BA0E619006FF777 = {
			isa = PBXGroup;
			children = (
				568DE5892BA0E619006FF777 /* Lodos Movies */,
				568DE5882BA0E619006FF777 /* Products */,
				DAAA6A8DD0E4284EF12ED621 /* Pods */,
				B6D0DEF159FDFD6F07CAB6CA /* Frameworks */,
			);
			sourceTree = "<group>";
		};
		568DE5882BA0E619006FF777 /* Products */ = {
			isa = PBXGroup;
			children = (
				568DE5872BA0E619006FF777 /* Lodos Movies.app */,
			);
			name = Products;
			sourceTree = "<group>";
		};
		568DE5892BA0E619006FF777 /* Lodos Movies */ = {
			isa = PBXGroup;
			children = (
				56DD6C052BA3041E002FCBC0 /* Network */,
				56B15D842BA2046000FCDFFE /* App */,
				56B15D162BA1FB5800FCDFFE /* Utilities */,
				568DE58A2BA0E619006FF777 /* AppDelegate.swift */,
				568DE58C2BA0E619006FF777 /* SceneDelegate.swift */,
				568DE5932BA0E61B006FF777 /* Assets.xcassets */,
				568DE5952BA0E61B006FF777 /* LaunchScreen.storyboard */,
				5630451D2BA1A9B300ABCD00 /* GoogleService-Info.plist */,
				568DE5982BA0E61B006FF777 /* Info.plist */,
			);
			path = "Lodos Movies";
			sourceTree = "<group>";
		};
		56B15D082BA1FA3C00FCDFFE /* Scenes */ = {
			isa = PBXGroup;
			children = (
				560AA6BA2BA42EF600FA6777 /* MovieDetail */,
				56B15DB22BA21F2100FCDFFE /* MainPage */,
				56B15D772BA1FE1100FCDFFE /* SplashScreen */,
			);
			path = Scenes;
			sourceTree = "<group>";
		};
		56B15D162BA1FB5800FCDFFE /* Utilities */ = {
			isa = PBXGroup;
			children = (
				56DD6C3D2BA36DFD002FCBC0 /* Constant */,
				56DD6C092BA31562002FCBC0 /* Extension */,
				56B15DBF2BA2252800FCDFFE /* Enum */,
				56B15DA02BA20C2600FCDFFE /* Foundation */,
				56B15D172BA1FB6800FCDFFE /* View */,
			);
			path = Utilities;
			sourceTree = "<group>";
		};
		56B15D172BA1FB6800FCDFFE /* View */ = {
			isa = PBXGroup;
			children = (
				56DD6C152BA31BAB002FCBC0 /* Presentation */,
				56B15D182BA1FB6D00FCDFFE /* BaseViews */,
			);
			path = View;
			sourceTree = "<group>";
		};
		56B15D182BA1FB6D00FCDFFE /* BaseViews */ = {
			isa = PBXGroup;
			children = (
				56B15D192BA1FB8400FCDFFE /* BaseViewController.swift */,
				56DD6C132BA31B8C002FCBC0 /* BaseTableViewCell.swift */,
			);
			path = BaseViews;
			sourceTree = "<group>";
		};
		56B15D772BA1FE1100FCDFFE /* SplashScreen */ = {
			isa = PBXGroup;
			children = (
				56B15D782BA1FE4800FCDFFE /* SplashScreenPresenter.swift */,
				56B15D792BA1FE4800FCDFFE /* SplashScreenWorker.swift */,
				56B15D7A2BA1FE4800FCDFFE /* SplashScreenRouter.swift */,
				56B15D7B2BA1FE4800FCDFFE /* SplashScreenModels.swift */,
				56B15D7C2BA1FE4800FCDFFE /* SplashScreenViewController.swift */,
				56B15D7D2BA1FE4800FCDFFE /* SplashScreenInteractor.swift */,
			);
			path = SplashScreen;
			sourceTree = "<group>";
		};
		56B15D842BA2046000FCDFFE /* App */ = {
			isa = PBXGroup;
			children = (
				56DD6C0C2BA315D3002FCBC0 /* Components */,
				56B15D852BA2047500FCDFFE /* Storyboards */,
				56B15D082BA1FA3C00FCDFFE /* Scenes */,
			);
			path = App;
			sourceTree = "<group>";
		};
		56B15D852BA2047500FCDFFE /* Storyboards */ = {
			isa = PBXGroup;
			children = (
				568DE5902BA0E619006FF777 /* Main.storyboard */,
			);
			path = Storyboards;
			sourceTree = "<group>";
		};
		56B15DA02BA20C2600FCDFFE /* Foundation */ = {
			isa = PBXGroup;
			children = (
				56B15DA12BA20C2D00FCDFFE /* Helper */,
			);
			path = Foundation;
			sourceTree = "<group>";
		};
		56B15DA12BA20C2D00FCDFFE /* Helper */ = {
			isa = PBXGroup;
			children = (
				56B15DC82BA2360B00FCDFFE /* FirebaseRemoteControlHelper.swift */,
				56B15DA22BA20C3A00FCDFFE /* NetworkHelper.swift */,
			);
			path = Helper;
			sourceTree = "<group>";
		};
		56B15DB22BA21F2100FCDFFE /* MainPage */ = {
			isa = PBXGroup;
			children = (
				56B15DB32BA2208F00FCDFFE /* MainPagePresenter.swift */,
				56B15DB42BA2208F00FCDFFE /* MainPageWorker.swift */,
				56B15DB52BA2208F00FCDFFE /* MainPageRouter.swift */,
				56B15DB62BA2208F00FCDFFE /* MainPageModels.swift */,
				56B15DB72BA2208F00FCDFFE /* MainPageViewController.swift */,
				56B15DB82BA2208F00FCDFFE /* MainPageInteractor.swift */,
			);
			path = MainPage;
			sourceTree = "<group>";
		};
		56B15DBF2BA2252800FCDFFE /* Enum */ = {
			isa = PBXGroup;
			children = (
				56DD6C182BA3205D002FCBC0 /* View */,
				56B15DCA2BA2384600FCDFFE /* FirebaseRemote */,
				56B15DC32BA231C900FCDFFE /* ViewControllers */,
				56B15DC02BA2252F00FCDFFE /* Storyboards */,
			);
			path = Enum;
			sourceTree = "<group>";
		};
		56B15DC02BA2252F00FCDFFE /* Storyboards */ = {
			isa = PBXGroup;
			children = (
				56B15DC12BA2254A00FCDFFE /* Storyboards.swift */,
			);
			path = Storyboards;
			sourceTree = "<group>";
		};
		56B15DC32BA231C900FCDFFE /* ViewControllers */ = {
			isa = PBXGroup;
			children = (
				56B15DC42BA231DF00FCDFFE /* ViewControllers.swift */,
			);
			path = ViewControllers;
			sourceTree = "<group>";
		};
		56B15DCA2BA2384600FCDFFE /* FirebaseRemote */ = {
			isa = PBXGroup;
			children = (
				56B15DCB2BA2385900FCDFFE /* FirebaseRemoteKeys.swift */,
			);
			path = FirebaseRemote;
			sourceTree = "<group>";
		};
		56DD6C052BA3041E002FCBC0 /* Network */ = {
			isa = PBXGroup;
			children = (
				56DD6C352BA36A36002FCBC0 /* Service */,
				56DD6C302BA3694C002FCBC0 /* Repository */,
				56DD6C062BA30432002FCBC0 /* Models */,
			);
			path = Network;
			sourceTree = "<group>";
		};
		56DD6C062BA30432002FCBC0 /* Models */ = {
			isa = PBXGroup;
			children = (
				56DD6C392BA36A75002FCBC0 /* ResponseModels */,
			);
			path = Models;
			sourceTree = "<group>";
		};
		56DD6C092BA31562002FCBC0 /* Extension */ = {
			isa = PBXGroup;
			children = (
				56DD6C0A2BA31573002FCBC0 /* CollectionExtensions.swift */,
				56DD6C412BA3816E002FCBC0 /* UITableViewExtension.swift */,
				56A206252BA3A4C600A1734B /* StringExtension.swift */,
			);
			path = Extension;
			sourceTree = "<group>";
		};
		56DD6C0C2BA315D3002FCBC0 /* Components */ = {
			isa = PBXGroup;
			children = (
				56DD6C0D2BA315DA002FCBC0 /* Cells */,
			);
			path = Components;
			sourceTree = "<group>";
		};
		56DD6C0D2BA315DA002FCBC0 /* Cells */ = {
			isa = PBXGroup;
			children = (
				56DD6C222BA35C38002FCBC0 /* SearchBarTableViewCell */,
				56DD6C0E2BA315E7002FCBC0 /* MovieTableViewCell */,
			);
			path = Cells;
			sourceTree = "<group>";
		};
		56DD6C0E2BA315E7002FCBC0 /* MovieTableViewCell */ = {
			isa = PBXGroup;
			children = (
				56DD6C0F2BA31618002FCBC0 /* MovieTableViewCell.swift */,
				56DD6C102BA31618002FCBC0 /* MovieTableViewCell.xib */,
			);
			path = MovieTableViewCell;
			sourceTree = "<group>";
		};
		56DD6C152BA31BAB002FCBC0 /* Presentation */ = {
			isa = PBXGroup;
			children = (
				56DD6C162BA31BBE002FCBC0 /* Presentation.swift */,
			);
			path = Presentation;
			sourceTree = "<group>";
		};
		56DD6C182BA3205D002FCBC0 /* View */ = {
			isa = PBXGroup;
			children = (
				56DD6C272BA35E23002FCBC0 /* Cell */,
				56DD6C192BA32061002FCBC0 /* UIImage */,
			);
			path = View;
			sourceTree = "<group>";
		};
		56DD6C192BA32061002FCBC0 /* UIImage */ = {
			isa = PBXGroup;
			children = (
				56DD6C1A2BA32072002FCBC0 /* LocaleImages.swift */,
			);
			path = UIImage;
			sourceTree = "<group>";
		};
		56DD6C222BA35C38002FCBC0 /* SearchBarTableViewCell */ = {
			isa = PBXGroup;
			children = (
				56DD6C232BA35C55002FCBC0 /* SearchBarTableViewCell.swift */,
				56DD6C242BA35C55002FCBC0 /* SearchBarTableViewCell.xib */,
			);
			path = SearchBarTableViewCell;
			sourceTree = "<group>";
		};
		56DD6C272BA35E23002FCBC0 /* Cell */ = {
			isa = PBXGroup;
			children = (
				56DD6C282BA35E2B002FCBC0 /* TableViewCell */,
			);
			path = Cell;
			sourceTree = "<group>";
		};
		56DD6C282BA35E2B002FCBC0 /* TableViewCell */ = {
			isa = PBXGroup;
			children = (
				56DD6C292BA35E3E002FCBC0 /* TableViewCellEnum.swift */,
			);
			path = TableViewCell;
			sourceTree = "<group>";
		};
		56DD6C302BA3694C002FCBC0 /* Repository */ = {
			isa = PBXGroup;
			children = (
				56DD6C332BA3698C002FCBC0 /* Repository.swift */,
				56DD6C312BA36974002FCBC0 /* MovieRepository.swift */,
			);
			path = Repository;
			sourceTree = "<group>";
		};
		56DD6C352BA36A36002FCBC0 /* Service */ = {
			isa = PBXGroup;
			children = (
				56DD6C372BA36A53002FCBC0 /* LoodosMoviesService.swift */,
			);
			path = Service;
			sourceTree = "<group>";
		};
		56DD6C392BA36A75002FCBC0 /* ResponseModels */ = {
			isa = PBXGroup;
			children = (
				56DD6C072BA30453002FCBC0 /* MovieResponse.swift */,
			);
			path = ResponseModels;
			sourceTree = "<group>";
		};
		56DD6C3D2BA36DFD002FCBC0 /* Constant */ = {
			isa = PBXGroup;
			children = (
				560AA6E52BA4601D00FA6777 /* UIConstant */,
				560AA6E22BA45F3E00FA6777 /* UIMessageConstant */,
				56DD6C3E2BA36E01002FCBC0 /* NetworkConstant */,
			);
			path = Constant;
			sourceTree = "<group>";
		};
		56DD6C3E2BA36E01002FCBC0 /* NetworkConstant */ = {
			isa = PBXGroup;
			children = (
				56DD6C3F2BA36E11002FCBC0 /* NetworkConstant.swift */,
			);
			path = NetworkConstant;
			sourceTree = "<group>";
		};
		B6D0DEF159FDFD6F07CAB6CA /* Frameworks */ = {
			isa = PBXGroup;
			children = (
				B379A4B4516E2F2D4C461F95 /* Pods_Lodos_Movies.framework */,
			);
			name = Frameworks;
			sourceTree = "<group>";
		};
		DAAA6A8DD0E4284EF12ED621 /* Pods */ = {
			isa = PBXGroup;
			children = (
				B432653F634D9B6DE5997AA1 /* Pods-Lodos Movies.debug.xcconfig */,
				A2692542BC9D5534C05A5080 /* Pods-Lodos Movies.release.xcconfig */,
			);
			path = Pods;
			sourceTree = "<group>";
		};
/* End PBXGroup section */

/* Begin PBXNativeTarget section */
		568DE5862BA0E619006FF777 /* Lodos Movies */ = {
			isa = PBXNativeTarget;
			buildConfigurationList = 568DE59B2BA0E61B006FF777 /* Build configuration list for PBXNativeTarget "Lodos Movies" */;
			buildPhases = (
				D9F47B1192E298F1DA5B167D /* [CP] Check Pods Manifest.lock */,
				568DE5832BA0E619006FF777 /* Sources */,
				568DE5842BA0E619006FF777 /* Frameworks */,
				568DE5852BA0E619006FF777 /* Resources */,
				333E4A39F652B184EDED599F /* [CP] Embed Pods Frameworks */,
			);
			buildRules = (
			);
			dependencies = (
			);
			name = "Lodos Movies";
			packageProductDependencies = (
				56DD6C2C2BA36914002FCBC0 /* Alamofire */,
				56DD6C2E2BA36914002FCBC0 /* AlamofireDynamic */,
			);
			productName = "Lodos Movies";
			productReference = 568DE5872BA0E619006FF777 /* Lodos Movies.app */;
			productType = "com.apple.product-type.application";
		};
/* End PBXNativeTarget section */

/* Begin PBXProject section */
		568DE57F2BA0E619006FF777 /* Project object */ = {
			isa = PBXProject;
			attributes = {
				BuildIndependentTargetsInParallel = 1;
				LastSwiftUpdateCheck = 1520;
				LastUpgradeCheck = 1520;
				TargetAttributes = {
					568DE5862BA0E619006FF777 = {
						CreatedOnToolsVersion = 15.2;
					};
				};
			};
			buildConfigurationList = 568DE5822BA0E619006FF777 /* Build configuration list for PBXProject "Lodos Movies" */;
			compatibilityVersion = "Xcode 14.0";
			developmentRegion = en;
			hasScannedForEncodings = 0;
			knownRegions = (
				en,
				Base,
			);
			mainGroup = 568DE57E2BA0E619006FF777;
			packageReferences = (
				56DD6C2B2BA36914002FCBC0 /* XCRemoteSwiftPackageReference "Alamofire" */,
			);
			productRefGroup = 568DE5882BA0E619006FF777 /* Products */;
			projectDirPath = "";
			projectRoot = "";
			targets = (
				568DE5862BA0E619006FF777 /* Lodos Movies */,
			);
		};
/* End PBXProject section */

/* Begin PBXResourcesBuildPhase section */
		568DE5852BA0E619006FF777 /* Resources */ = {
			isa = PBXResourcesBuildPhase;
			buildActionMask = 2147483647;
			files = (
				568DE5972BA0E61B006FF777 /* LaunchScreen.storyboard in Resources */,
				56DD6C262BA35C55002FCBC0 /* SearchBarTableViewCell.xib in Resources */,
				56DD6C122BA31618002FCBC0 /* MovieTableViewCell.xib in Resources */,
				5630451E2BA1A9B300ABCD00 /* GoogleService-Info.plist in Resources */,
				568DE5942BA0E61B006FF777 /* Assets.xcassets in Resources */,
				568DE5922BA0E619006FF777 /* Main.storyboard in Resources */,
			);
			runOnlyForDeploymentPostprocessing = 0;
		};
/* End PBXResourcesBuildPhase section */

/* Begin PBXShellScriptBuildPhase section */
		333E4A39F652B184EDED599F /* [CP] Embed Pods Frameworks */ = {
			isa = PBXShellScriptBuildPhase;
			buildActionMask = 2147483647;
			files = (
			);
			inputFileListPaths = (
				"${PODS_ROOT}/Target Support Files/Pods-Lodos Movies/Pods-Lodos Movies-frameworks-${CONFIGURATION}-input-files.xcfilelist",
			);
			name = "[CP] Embed Pods Frameworks";
			outputFileListPaths = (
				"${PODS_ROOT}/Target Support Files/Pods-Lodos Movies/Pods-Lodos Movies-frameworks-${CONFIGURATION}-output-files.xcfilelist",
			);
			runOnlyForDeploymentPostprocessing = 0;
			shellPath = /bin/sh;
			shellScript = "\"${PODS_ROOT}/Target Support Files/Pods-Lodos Movies/Pods-Lodos Movies-frameworks.sh\"\n";
			showEnvVarsInLog = 0;
		};
		D9F47B1192E298F1DA5B167D /* [CP] Check Pods Manifest.lock */ = {
			isa = PBXShellScriptBuildPhase;
			buildActionMask = 2147483647;
			files = (
			);
			inputFileListPaths = (
			);
			inputPaths = (
				"${PODS_PODFILE_DIR_PATH}/Podfile.lock",
				"${PODS_ROOT}/Manifest.lock",
			);
			name = "[CP] Check Pods Manifest.lock";
			outputFileListPaths = (
			);
			outputPaths = (
				"$(DERIVED_FILE_DIR)/Pods-Lodos Movies-checkManifestLockResult.txt",
			);
			runOnlyForDeploymentPostprocessing = 0;
			shellPath = /bin/sh;
			shellScript = "diff \"${PODS_PODFILE_DIR_PATH}/Podfile.lock\" \"${PODS_ROOT}/Manifest.lock\" > /dev/null\nif [ $? != 0 ] ; then\n    # print error to STDERR\n    echo \"error: The sandbox is not in sync with the Podfile.lock. Run 'pod install' or update your CocoaPods installation.\" >&2\n    exit 1\nfi\n# This output is used by Xcode 'outputs' to avoid re-running this script phase.\necho \"SUCCESS\" > \"${SCRIPT_OUTPUT_FILE_0}\"\n";
			showEnvVarsInLog = 0;
		};
/* End PBXShellScriptBuildPhase section */

/* Begin PBXSourcesBuildPhase section */
		568DE5832BA0E619006FF777 /* Sources */ = {
			isa = PBXSourcesBuildPhase;
			buildActionMask = 2147483647;
			files = (
				56DD6C082BA30453002FCBC0 /* MovieResponse.swift in Sources */,
				56B15DC52BA231DF00FCDFFE /* ViewControllers.swift in Sources */,
				56B15DC22BA2254A00FCDFFE /* Storyboards.swift in Sources */,
				56B15DC92BA2360B00FCDFFE /* FirebaseRemoteControlHelper.swift in Sources */,
				560AA6E92BA460AB00FA6777 /* FontSizeConstant.swift in Sources */,
				560AA6C52BA42F1400FA6777 /* MovieDetailViewController.swift in Sources */,
				56DD6C402BA36E11002FCBC0 /* NetworkConstant.swift in Sources */,
				56B15DB92BA2208F00FCDFFE /* MainPagePresenter.swift in Sources */,
				56B15D7E2BA1FE4800FCDFFE /* SplashScreenPresenter.swift in Sources */,
				56DD6C252BA35C55002FCBC0 /* SearchBarTableViewCell.swift in Sources */,
				56A206262BA3A4C600A1734B /* StringExtension.swift in Sources */,
				560AA6E42BA45F5400FA6777 /* File.swift in Sources */,
				560AA6C12BA42F1400FA6777 /* MovieDetailPresenter.swift in Sources */,
				56DD6C322BA36974002FCBC0 /* MovieRepository.swift in Sources */,
				56B15D832BA1FE4800FCDFFE /* SplashScreenInteractor.swift in Sources */,
				56B15D822BA1FE4800FCDFFE /* SplashScreenViewController.swift in Sources */,
				560AA6E72BA4604A00FA6777 /* RadiusConstant.swift in Sources */,
				56B15DBA2BA2208F00FCDFFE /* MainPageWorker.swift in Sources */,
				56DD6C2A2BA35E3E002FCBC0 /* TableViewCellEnum.swift in Sources */,
				560AA6C42BA42F1400FA6777 /* MovieDetailModels.swift in Sources */,
				56B15DA32BA20C3A00FCDFFE /* NetworkHelper.swift in Sources */,
				56B15D812BA1FE4800FCDFFE /* SplashScreenModels.swift in Sources */,
				56B15DBD2BA2208F00FCDFFE /* MainPageViewController.swift in Sources */,
				560AA6C62BA42F1400FA6777 /* MovieDetailInteractor.swift in Sources */,
				56B15D7F2BA1FE4800FCDFFE /* SplashScreenWorker.swift in Sources */,
				568DE58B2BA0E619006FF777 /* AppDelegate.swift in Sources */,
				56DD6C342BA3698C002FCBC0 /* Repository.swift in Sources */,
				56B15DBE2BA2208F00FCDFFE /* MainPageInteractor.swift in Sources */,
				56B15D1A2BA1FB8400FCDFFE /* BaseViewController.swift in Sources */,
				560AA6C22BA42F1400FA6777 /* MovieDetailWorker.swift in Sources */,
				56DD6C142BA31B8C002FCBC0 /* BaseTableViewCell.swift in Sources */,
				56B15D802BA1FE4800FCDFFE /* SplashScreenRouter.swift in Sources */,
				56DD6C382BA36A53002FCBC0 /* LoodosMoviesService.swift in Sources */,
				560AA6C32BA42F1400FA6777 /* MovieDetailRouter.swift in Sources */,
				56B15DBC2BA2208F00FCDFFE /* MainPageModels.swift in Sources */,
				56B15DBB2BA2208F00FCDFFE /* MainPageRouter.swift in Sources */,
				56DD6C0B2BA31573002FCBC0 /* CollectionExtensions.swift in Sources */,
				56B15DCC2BA2385900FCDFFE /* FirebaseRemoteKeys.swift in Sources */,
				568DE58D2BA0E619006FF777 /* SceneDelegate.swift in Sources */,
				56DD6C422BA3816E002FCBC0 /* UITableViewExtension.swift in Sources */,
				56DD6C172BA31BBE002FCBC0 /* Presentation.swift in Sources */,
				56DD6C112BA31618002FCBC0 /* MovieTableViewCell.swift in Sources */,
				56DD6C1B2BA32072002FCBC0 /* LocaleImages.swift in Sources */,
			);
			runOnlyForDeploymentPostprocessing = 0;
		};
/* End PBXSourcesBuildPhase section */

/* Begin PBXVariantGroup section */
		568DE5902BA0E619006FF777 /* Main.storyboard */ = {
			isa = PBXVariantGroup;
			children = (
				568DE5912BA0E619006FF777 /* Base */,
			);
			name = Main.storyboard;
			sourceTree = "<group>";
		};
		568DE5952BA0E61B006FF777 /* LaunchScreen.storyboard */ = {
			isa = PBXVariantGroup;
			children = (
				568DE5962BA0E61B006FF777 /* Base */,
			);
			name = LaunchScreen.storyboard;
			sourceTree = "<group>";
		};
/* End PBXVariantGroup section */

/* Begin XCBuildConfiguration section */
		568DE5992BA0E61B006FF777 /* Debug */ = {
			isa = XCBuildConfiguration;
			buildSettings = {
				ALWAYS_SEARCH_USER_PATHS = NO;
				ASSETCATALOG_COMPILER_GENERATE_SWIFT_ASSET_SYMBOL_EXTENSIONS = YES;
				CLANG_ANALYZER_NONNULL = YES;
				CLANG_ANALYZER_NUMBER_OBJECT_CONVERSION = YES_AGGRESSIVE;
				CLANG_CXX_LANGUAGE_STANDARD = "gnu++20";
				CLANG_ENABLE_MODULES = YES;
				CLANG_ENABLE_OBJC_ARC = YES;
				CLANG_ENABLE_OBJC_WEAK = YES;
				CLANG_WARN_BLOCK_CAPTURE_AUTORELEASING = YES;
				CLANG_WARN_BOOL_CONVERSION = YES;
				CLANG_WARN_COMMA = YES;
				CLANG_WARN_CONSTANT_CONVERSION = YES;
				CLANG_WARN_DEPRECATED_OBJC_IMPLEMENTATIONS = YES;
				CLANG_WARN_DIRECT_OBJC_ISA_USAGE = YES_ERROR;
				CLANG_WARN_DOCUMENTATION_COMMENTS = YES;
				CLANG_WARN_EMPTY_BODY = YES;
				CLANG_WARN_ENUM_CONVERSION = YES;
				CLANG_WARN_INFINITE_RECURSION = YES;
				CLANG_WARN_INT_CONVERSION = YES;
				CLANG_WARN_NON_LITERAL_NULL_CONVERSION = YES;
				CLANG_WARN_OBJC_IMPLICIT_RETAIN_SELF = YES;
				CLANG_WARN_OBJC_LITERAL_CONVERSION = YES;
				CLANG_WARN_OBJC_ROOT_CLASS = YES_ERROR;
				CLANG_WARN_QUOTED_INCLUDE_IN_FRAMEWORK_HEADER = YES;
				CLANG_WARN_RANGE_LOOP_ANALYSIS = YES;
				CLANG_WARN_STRICT_PROTOTYPES = YES;
				CLANG_WARN_SUSPICIOUS_MOVE = YES;
				CLANG_WARN_UNGUARDED_AVAILABILITY = YES_AGGRESSIVE;
				CLANG_WARN_UNREACHABLE_CODE = YES;
				CLANG_WARN__DUPLICATE_METHOD_MATCH = YES;
				COPY_PHASE_STRIP = NO;
				DEBUG_INFORMATION_FORMAT = dwarf;
				ENABLE_STRICT_OBJC_MSGSEND = YES;
				ENABLE_TESTABILITY = YES;
				ENABLE_USER_SCRIPT_SANDBOXING = NO;
				GCC_C_LANGUAGE_STANDARD = gnu17;
				GCC_DYNAMIC_NO_PIC = NO;
				GCC_NO_COMMON_BLOCKS = YES;
				GCC_OPTIMIZATION_LEVEL = 0;
				GCC_PREPROCESSOR_DEFINITIONS = (
					"DEBUG=1",
					"$(inherited)",
				);
				GCC_WARN_64_TO_32_BIT_CONVERSION = YES;
				GCC_WARN_ABOUT_RETURN_TYPE = YES_ERROR;
				GCC_WARN_UNDECLARED_SELECTOR = YES;
				GCC_WARN_UNINITIALIZED_AUTOS = YES_AGGRESSIVE;
				GCC_WARN_UNUSED_FUNCTION = YES;
				GCC_WARN_UNUSED_VARIABLE = YES;
				IPHONEOS_DEPLOYMENT_TARGET = 17.2;
				LOCALIZATION_PREFERS_STRING_CATALOGS = YES;
				MTL_ENABLE_DEBUG_INFO = INCLUDE_SOURCE;
				MTL_FAST_MATH = YES;
				ONLY_ACTIVE_ARCH = YES;
				SDKROOT = iphoneos;
				SWIFT_ACTIVE_COMPILATION_CONDITIONS = "DEBUG $(inherited)";
				SWIFT_OPTIMIZATION_LEVEL = "-Onone";
			};
			name = Debug;
		};
		568DE59A2BA0E61B006FF777 /* Release */ = {
			isa = XCBuildConfiguration;
			buildSettings = {
				ALWAYS_SEARCH_USER_PATHS = NO;
				ASSETCATALOG_COMPILER_GENERATE_SWIFT_ASSET_SYMBOL_EXTENSIONS = YES;
				CLANG_ANALYZER_NONNULL = YES;
				CLANG_ANALYZER_NUMBER_OBJECT_CONVERSION = YES_AGGRESSIVE;
				CLANG_CXX_LANGUAGE_STANDARD = "gnu++20";
				CLANG_ENABLE_MODULES = YES;
				CLANG_ENABLE_OBJC_ARC = YES;
				CLANG_ENABLE_OBJC_WEAK = YES;
				CLANG_WARN_BLOCK_CAPTURE_AUTORELEASING = YES;
				CLANG_WARN_BOOL_CONVERSION = YES;
				CLANG_WARN_COMMA = YES;
				CLANG_WARN_CONSTANT_CONVERSION = YES;
				CLANG_WARN_DEPRECATED_OBJC_IMPLEMENTATIONS = YES;
				CLANG_WARN_DIRECT_OBJC_ISA_USAGE = YES_ERROR;
				CLANG_WARN_DOCUMENTATION_COMMENTS = YES;
				CLANG_WARN_EMPTY_BODY = YES;
				CLANG_WARN_ENUM_CONVERSION = YES;
				CLANG_WARN_INFINITE_RECURSION = YES;
				CLANG_WARN_INT_CONVERSION = YES;
				CLANG_WARN_NON_LITERAL_NULL_CONVERSION = YES;
				CLANG_WARN_OBJC_IMPLICIT_RETAIN_SELF = YES;
				CLANG_WARN_OBJC_LITERAL_CONVERSION = YES;
				CLANG_WARN_OBJC_ROOT_CLASS = YES_ERROR;
				CLANG_WARN_QUOTED_INCLUDE_IN_FRAMEWORK_HEADER = YES;
				CLANG_WARN_RANGE_LOOP_ANALYSIS = YES;
				CLANG_WARN_STRICT_PROTOTYPES = YES;
				CLANG_WARN_SUSPICIOUS_MOVE = YES;
				CLANG_WARN_UNGUARDED_AVAILABILITY = YES_AGGRESSIVE;
				CLANG_WARN_UNREACHABLE_CODE = YES;
				CLANG_WARN__DUPLICATE_METHOD_MATCH = YES;
				COPY_PHASE_STRIP = NO;
				DEBUG_INFORMATION_FORMAT = "dwarf-with-dsym";
				ENABLE_NS_ASSERTIONS = NO;
				ENABLE_STRICT_OBJC_MSGSEND = YES;
				ENABLE_USER_SCRIPT_SANDBOXING = NO;
				GCC_C_LANGUAGE_STANDARD = gnu17;
				GCC_NO_COMMON_BLOCKS = YES;
				GCC_WARN_64_TO_32_BIT_CONVERSION = YES;
				GCC_WARN_ABOUT_RETURN_TYPE = YES_ERROR;
				GCC_WARN_UNDECLARED_SELECTOR = YES;
				GCC_WARN_UNINITIALIZED_AUTOS = YES_AGGRESSIVE;
				GCC_WARN_UNUSED_FUNCTION = YES;
				GCC_WARN_UNUSED_VARIABLE = YES;
				IPHONEOS_DEPLOYMENT_TARGET = 17.2;
				LOCALIZATION_PREFERS_STRING_CATALOGS = YES;
				MTL_ENABLE_DEBUG_INFO = NO;
				MTL_FAST_MATH = YES;
				SDKROOT = iphoneos;
				SWIFT_COMPILATION_MODE = wholemodule;
				VALIDATE_PRODUCT = YES;
			};
			name = Release;
		};
		568DE59C2BA0E61B006FF777 /* Debug */ = {
			isa = XCBuildConfiguration;
			baseConfigurationReference = B432653F634D9B6DE5997AA1 /* Pods-Lodos Movies.debug.xcconfig */;
			buildSettings = {
				ASSETCATALOG_COMPILER_APPICON_NAME = AppIcon;
				ASSETCATALOG_COMPILER_GLOBAL_ACCENT_COLOR_NAME = AccentColor;
				CODE_SIGN_STYLE = Automatic;
				CURRENT_PROJECT_VERSION = 1;
				DEVELOPMENT_TEAM = VYQ6XF4N2Q;
				GENERATE_INFOPLIST_FILE = YES;
				INFOPLIST_FILE = "Lodos Movies/Info.plist";
				INFOPLIST_KEY_UIApplicationSupportsIndirectInputEvents = YES;
				INFOPLIST_KEY_UILaunchStoryboardName = LaunchScreen;
				INFOPLIST_KEY_UIMainStoryboardFile = Main;
				INFOPLIST_KEY_UISupportedInterfaceOrientations_iPad = "UIInterfaceOrientationPortrait UIInterfaceOrientationPortraitUpsideDown UIInterfaceOrientationLandscapeLeft UIInterfaceOrientationLandscapeRight";
				INFOPLIST_KEY_UISupportedInterfaceOrientations_iPhone = "UIInterfaceOrientationPortrait UIInterfaceOrientationLandscapeLeft UIInterfaceOrientationLandscapeRight";
				LD_RUNPATH_SEARCH_PATHS = (
					"$(inherited)",
					"@executable_path/Frameworks",
				);
				MARKETING_VERSION = 1.0;
				PRODUCT_BUNDLE_IDENTIFIER = "com.tugrul.Lodos-Movies";
				PRODUCT_NAME = "$(TARGET_NAME)";
				SWIFT_EMIT_LOC_STRINGS = YES;
				SWIFT_VERSION = 5.0;
				TARGETED_DEVICE_FAMILY = "1,2";
			};
			name = Debug;
		};
		568DE59D2BA0E61B006FF777 /* Release */ = {
			isa = XCBuildConfiguration;
			baseConfigurationReference = A2692542BC9D5534C05A5080 /* Pods-Lodos Movies.release.xcconfig */;
			buildSettings = {
				ASSETCATALOG_COMPILER_APPICON_NAME = AppIcon;
				ASSETCATALOG_COMPILER_GLOBAL_ACCENT_COLOR_NAME = AccentColor;
				CODE_SIGN_STYLE = Automatic;
				CURRENT_PROJECT_VERSION = 1;
				DEVELOPMENT_TEAM = VYQ6XF4N2Q;
				GENERATE_INFOPLIST_FILE = YES;
				INFOPLIST_FILE = "Lodos Movies/Info.plist";
				INFOPLIST_KEY_UIApplicationSupportsIndirectInputEvents = YES;
				INFOPLIST_KEY_UILaunchStoryboardName = LaunchScreen;
				INFOPLIST_KEY_UIMainStoryboardFile = Main;
				INFOPLIST_KEY_UISupportedInterfaceOrientations_iPad = "UIInterfaceOrientationPortrait UIInterfaceOrientationPortraitUpsideDown UIInterfaceOrientationLandscapeLeft UIInterfaceOrientationLandscapeRight";
				INFOPLIST_KEY_UISupportedInterfaceOrientations_iPhone = "UIInterfaceOrientationPortrait UIInterfaceOrientationLandscapeLeft UIInterfaceOrientationLandscapeRight";
				LD_RUNPATH_SEARCH_PATHS = (
					"$(inherited)",
					"@executable_path/Frameworks",
				);
				MARKETING_VERSION = 1.0;
				PRODUCT_BUNDLE_IDENTIFIER = "com.tugrul.Lodos-Movies";
				PRODUCT_NAME = "$(TARGET_NAME)";
				SWIFT_EMIT_LOC_STRINGS = YES;
				SWIFT_VERSION = 5.0;
				TARGETED_DEVICE_FAMILY = "1,2";
			};
			name = Release;
		};
/* End XCBuildConfiguration section */

/* Begin XCConfigurationList section */
		568DE5822BA0E619006FF777 /* Build configuration list for PBXProject "Lodos Movies" */ = {
			isa = XCConfigurationList;
			buildConfigurations = (
				568DE5992BA0E61B006FF777 /* Debug */,
				568DE59A2BA0E61B006FF777 /* Release */,
			);
			defaultConfigurationIsVisible = 0;
			defaultConfigurationName = Release;
		};
		568DE59B2BA0E61B006FF777 /* Build configuration list for PBXNativeTarget "Lodos Movies" */ = {
			isa = XCConfigurationList;
			buildConfigurations = (
				568DE59C2BA0E61B006FF777 /* Debug */,
				568DE59D2BA0E61B006FF777 /* Release */,
			);
			defaultConfigurationIsVisible = 0;
			defaultConfigurationName = Release;
		};
/* End XCConfigurationList section */

/* Begin XCRemoteSwiftPackageReference section */
		56DD6C2B2BA36914002FCBC0 /* XCRemoteSwiftPackageReference "Alamofire" */ = {
			isa = XCRemoteSwiftPackageReference;
			repositoryURL = "https://github.com/Alamofire/Alamofire";
			requirement = {
				kind = upToNextMajorVersion;
				minimumVersion = 5.9.0;
			};
		};
/* End XCRemoteSwiftPackageReference section */

/* Begin XCSwiftPackageProductDependency section */
		56DD6C2C2BA36914002FCBC0 /* Alamofire */ = {
			isa = XCSwiftPackageProductDependency;
			package = 56DD6C2B2BA36914002FCBC0 /* XCRemoteSwiftPackageReference "Alamofire" */;
			productName = Alamofire;
		};
		56DD6C2E2BA36914002FCBC0 /* AlamofireDynamic */ = {
			isa = XCSwiftPackageProductDependency;
			package = 56DD6C2B2BA36914002FCBC0 /* XCRemoteSwiftPackageReference "Alamofire" */;
			productName = AlamofireDynamic;
		};
/* End XCSwiftPackageProductDependency section */
	};
	rootObject = 568DE57F2BA0E619006FF777 /* Project object */;
}
